<Solution>
	<Project Path="samples/TraceLogic.Sample/VerisFlow.TraceLogic.Sample.csproj" />
	<Project Path="samples/VerisFlow.VenusAuto.Sample/VerisFlow.VenusAuto.Sample.csproj" />
	<Project Path="src/VerisFlow.TraceLogic.Core/VerisFlow.TraceLogic.Core.csproj" />
	<Project Path="src/VerisFlow.VenusAuto.Core/VerisFlow.VenusAuto.Core.csproj" />
	<Project Path="tests/TraceLogic.Tests/TraceLogic.Core.Tests.csproj" />
	<Project Path="tests/VenusAuto.Tests/VenusAuto.Core.Tests.csproj" />
</Solution>